
Microsoft Visual Studio Solution File, Format Version 12.00
# Visual Studio Version 16
VisualStudioVersion = 16.0.30717.126
MinimumVisualStudioVersion = 10.0.40219.1
Project("{FAE04EC0-301F-11D3-BF4B-00C04F79EFBC}") = "Formas_Geometricas", "Formas_Geometricas\Formas_Geometricas.csproj", "{B159B9B5-3EFA-4B23-AC91-27746BA640C9}"
EndProject
Global
	GlobalSection(SolutionConfigurationPlatforms) = preSolution
		Debug|Any CPU = Debug|Any CPU
		Release|Any CPU = Release|Any CPU
	EndGlobalSection
	GlobalSection(ProjectConfigurationPlatforms) = postSolution
		{B159B9B5-3EFA-4B23-AC91-27746BA640C9}.Debug|Any CPU.ActiveCfg = Debug|Any CPU
		{B159B9B5-3EFA-4B23-AC91-27746BA640C9}.Debug|Any CPU.Build.0 = Debug|Any CPU
		{B159B9B5-3EFA-4B23-AC91-27746BA640C9}.Release|Any CPU.ActiveCfg = Release|Any CPU
		{B159B9B5-3EFA-4B23-AC91-27746BA640C9}.Release|Any CPU.Build.0 = Release|Any CPU
	EndGlobalSection
	GlobalSection(SolutionProperties) = preSolution
		HideSolutionNode = FALSE
	EndGlobalSection
	GlobalSection(ExtensibilityGlobals) = postSolution
		SolutionGuid = {21E947B3-443D-4565-994B-4CBADBE1372B}
	EndGlobalSection
EndGlobal
