
Microsoft Visual Studio Solution File, Format Version 12.00
# Visual Studio Version 16
VisualStudioVersion = 16.0.30503.244
MinimumVisualStudioVersion = 10.0.40219.1
Project("{FAE04EC0-301F-11D3-BF4B-00C04F79EFBC}") = "Exec_01", "Exec_01\Exec_01.csproj", "{AC522546-6D0F-45BC-91EB-7B0F63EF2577}"
EndProject
Global
	GlobalSection(SolutionConfigurationPlatforms) = preSolution
		Debug|Any CPU = Debug|Any CPU
		Release|Any CPU = Release|Any CPU
	EndGlobalSection
	GlobalSection(ProjectConfigurationPlatforms) = postSolution
		{AC522546-6D0F-45BC-91EB-7B0F63EF2577}.Debug|Any CPU.ActiveCfg = Debug|Any CPU
		{AC522546-6D0F-45BC-91EB-7B0F63EF2577}.Debug|Any CPU.Build.0 = Debug|Any CPU
		{AC522546-6D0F-45BC-91EB-7B0F63EF2577}.Release|Any CPU.ActiveCfg = Release|Any CPU
		{AC522546-6D0F-45BC-91EB-7B0F63EF2577}.Release|Any CPU.Build.0 = Release|Any CPU
	EndGlobalSection
	GlobalSection(SolutionProperties) = preSolution
		HideSolutionNode = FALSE
	EndGlobalSection
	GlobalSection(ExtensibilityGlobals) = postSolution
		SolutionGuid = {7285CC8B-A413-498A-9971-285786E0E067}
	EndGlobalSection
EndGlobal
