
Microsoft Visual Studio Solution File, Format Version 12.00
# Visual Studio Version 16
VisualStudioVersion = 16.0.30413.136
MinimumVisualStudioVersion = 10.0.40219.1
Project("{FAE04EC0-301F-11D3-BF4B-00C04F79EFBC}") = "Exerc-01", "Exerc-01\Exerc-01.csproj", "{BD063B0E-5BBD-4FA1-9426-CEE2DF9A9A6C}"
EndProject
Global
	GlobalSection(SolutionConfigurationPlatforms) = preSolution
		Debug|Any CPU = Debug|Any CPU
		Release|Any CPU = Release|Any CPU
	EndGlobalSection
	GlobalSection(ProjectConfigurationPlatforms) = postSolution
		{BD063B0E-5BBD-4FA1-9426-CEE2DF9A9A6C}.Debug|Any CPU.ActiveCfg = Debug|Any CPU
		{BD063B0E-5BBD-4FA1-9426-CEE2DF9A9A6C}.Debug|Any CPU.Build.0 = Debug|Any CPU
		{BD063B0E-5BBD-4FA1-9426-CEE2DF9A9A6C}.Release|Any CPU.ActiveCfg = Release|Any CPU
		{BD063B0E-5BBD-4FA1-9426-CEE2DF9A9A6C}.Release|Any CPU.Build.0 = Release|Any CPU
	EndGlobalSection
	GlobalSection(SolutionProperties) = preSolution
		HideSolutionNode = FALSE
	EndGlobalSection
	GlobalSection(ExtensibilityGlobals) = postSolution
		SolutionGuid = {DF1F8C70-577D-4D3C-A438-C407E4D1A6E5}
	EndGlobalSection
EndGlobal
