
Microsoft Visual Studio Solution File, Format Version 12.00
# Visual Studio Version 16
VisualStudioVersion = 16.0.30413.136
MinimumVisualStudioVersion = 10.0.40219.1
Project("{FAE04EC0-301F-11D3-BF4B-00C04F79EFBC}") = "Exec_02", "Exec_02\Exec_02.csproj", "{CB7FEA4B-595E-4803-847C-0C2AE9AE40BE}"
EndProject
Global
	GlobalSection(SolutionConfigurationPlatforms) = preSolution
		Debug|Any CPU = Debug|Any CPU
		Release|Any CPU = Release|Any CPU
	EndGlobalSection
	GlobalSection(ProjectConfigurationPlatforms) = postSolution
		{CB7FEA4B-595E-4803-847C-0C2AE9AE40BE}.Debug|Any CPU.ActiveCfg = Debug|Any CPU
		{CB7FEA4B-595E-4803-847C-0C2AE9AE40BE}.Debug|Any CPU.Build.0 = Debug|Any CPU
		{CB7FEA4B-595E-4803-847C-0C2AE9AE40BE}.Release|Any CPU.ActiveCfg = Release|Any CPU
		{CB7FEA4B-595E-4803-847C-0C2AE9AE40BE}.Release|Any CPU.Build.0 = Release|Any CPU
	EndGlobalSection
	GlobalSection(SolutionProperties) = preSolution
		HideSolutionNode = FALSE
	EndGlobalSection
	GlobalSection(ExtensibilityGlobals) = postSolution
		SolutionGuid = {E3727F6F-6BC6-4FD7-B12E-8AD0E89A00E7}
	EndGlobalSection
EndGlobal
