
Microsoft Visual Studio Solution File, Format Version 12.00
# Visual Studio Version 16
VisualStudioVersion = 16.0.30611.23
MinimumVisualStudioVersion = 10.0.40219.1
Project("{FAE04EC0-301F-11D3-BF4B-00C04F79EFBC}") = "Matriz2", "Matriz2\Matriz2.csproj", "{62284632-2898-4BF7-B5DF-913F6BC26C0E}"
EndProject
Global
	GlobalSection(SolutionConfigurationPlatforms) = preSolution
		Debug|Any CPU = Debug|Any CPU
		Release|Any CPU = Release|Any CPU
	EndGlobalSection
	GlobalSection(ProjectConfigurationPlatforms) = postSolution
		{62284632-2898-4BF7-B5DF-913F6BC26C0E}.Debug|Any CPU.ActiveCfg = Debug|Any CPU
		{62284632-2898-4BF7-B5DF-913F6BC26C0E}.Debug|Any CPU.Build.0 = Debug|Any CPU
		{62284632-2898-4BF7-B5DF-913F6BC26C0E}.Release|Any CPU.ActiveCfg = Release|Any CPU
		{62284632-2898-4BF7-B5DF-913F6BC26C0E}.Release|Any CPU.Build.0 = Release|Any CPU
	EndGlobalSection
	GlobalSection(SolutionProperties) = preSolution
		HideSolutionNode = FALSE
	EndGlobalSection
	GlobalSection(ExtensibilityGlobals) = postSolution
		SolutionGuid = {E36A96A2-2ADF-4865-908E-01619B2F8E8C}
	EndGlobalSection
EndGlobal
